
Microsoft Visual Studio Solution File, Format Version 12.00
# Visual Studio Version 17
VisualStudioVersion = 17.10.35013.160
MinimumVisualStudioVersion = 10.0.40219.1
Project("{FAE04EC0-301F-11D3-BF4B-00C04F79EFBC}") = "Assignment8", "Assignment8\Assignment8.csproj", "{FDB3C164-8A88-495A-A305-97222888CC6D}"
EndProject
Global
	GlobalSection(SolutionConfigurationPlatforms) = preSolution
		Debug|Any CPU = Debug|Any CPU
		Release|Any CPU = Release|Any CPU
	EndGlobalSection
	GlobalSection(ProjectConfigurationPlatforms) = postSolution
		{FDB3C164-8A88-495A-A305-97222888CC6D}.Debug|Any CPU.ActiveCfg = Debug|Any CPU
		{FDB3C164-8A88-495A-A305-97222888CC6D}.Debug|Any CPU.Build.0 = Debug|Any CPU
		{FDB3C164-8A88-495A-A305-97222888CC6D}.Release|Any CPU.ActiveCfg = Release|Any CPU
		{FDB3C164-8A88-495A-A305-97222888CC6D}.Release|Any CPU.Build.0 = Release|Any CPU
	EndGlobalSection
	GlobalSection(SolutionProperties) = preSolution
		HideSolutionNode = FALSE
	EndGlobalSection
	GlobalSection(ExtensibilityGlobals) = postSolution
		SolutionGuid = {0FDB5CB4-FBDB-49FF-9364-E573FCEB88D4}
	EndGlobalSection
EndGlobal
