
Microsoft Visual Studio Solution File, Format Version 12.00
# Visual Studio Version 17
VisualStudioVersion = 17.10.35013.160
MinimumVisualStudioVersion = 10.0.40219.1
Project("{FAE04EC0-301F-11D3-BF4B-00C04F79EFBC}") = "Assignment25", "Assignment25\Assignment25.csproj", "{606BA4A5-54E9-4CB4-8B07-25D761ED96C9}"
EndProject
Global
	GlobalSection(SolutionConfigurationPlatforms) = preSolution
		Debug|Any CPU = Debug|Any CPU
		Release|Any CPU = Release|Any CPU
	EndGlobalSection
	GlobalSection(ProjectConfigurationPlatforms) = postSolution
		{606BA4A5-54E9-4CB4-8B07-25D761ED96C9}.Debug|Any CPU.ActiveCfg = Debug|Any CPU
		{606BA4A5-54E9-4CB4-8B07-25D761ED96C9}.Debug|Any CPU.Build.0 = Debug|Any CPU
		{606BA4A5-54E9-4CB4-8B07-25D761ED96C9}.Release|Any CPU.ActiveCfg = Release|Any CPU
		{606BA4A5-54E9-4CB4-8B07-25D761ED96C9}.Release|Any CPU.Build.0 = Release|Any CPU
	EndGlobalSection
	GlobalSection(SolutionProperties) = preSolution
		HideSolutionNode = FALSE
	EndGlobalSection
	GlobalSection(ExtensibilityGlobals) = postSolution
		SolutionGuid = {0DE8C0E6-922C-4764-A1FC-48FCE6F65FAA}
	EndGlobalSection
EndGlobal
