
Microsoft Visual Studio Solution File, Format Version 12.00
# Visual Studio Version 17
VisualStudioVersion = 17.10.35013.160
MinimumVisualStudioVersion = 10.0.40219.1
Project("{FAE04EC0-301F-11D3-BF4B-00C04F79EFBC}") = "Assignment14", "Assignment14\Assignment14.csproj", "{F3277D76-1FCA-4229-A754-74C419A786DC}"
EndProject
Global
	GlobalSection(SolutionConfigurationPlatforms) = preSolution
		Debug|Any CPU = Debug|Any CPU
		Release|Any CPU = Release|Any CPU
	EndGlobalSection
	GlobalSection(ProjectConfigurationPlatforms) = postSolution
		{F3277D76-1FCA-4229-A754-74C419A786DC}.Debug|Any CPU.ActiveCfg = Debug|Any CPU
		{F3277D76-1FCA-4229-A754-74C419A786DC}.Debug|Any CPU.Build.0 = Debug|Any CPU
		{F3277D76-1FCA-4229-A754-74C419A786DC}.Release|Any CPU.ActiveCfg = Release|Any CPU
		{F3277D76-1FCA-4229-A754-74C419A786DC}.Release|Any CPU.Build.0 = Release|Any CPU
	EndGlobalSection
	GlobalSection(SolutionProperties) = preSolution
		HideSolutionNode = FALSE
	EndGlobalSection
	GlobalSection(ExtensibilityGlobals) = postSolution
		SolutionGuid = {246D59AA-5A86-4CEF-A22F-7583998A3384}
	EndGlobalSection
EndGlobal
