
Microsoft Visual Studio Solution File, Format Version 12.00
# Visual Studio Version 17
VisualStudioVersion = 17.10.35013.160
MinimumVisualStudioVersion = 10.0.40219.1
Project("{FAE04EC0-301F-11D3-BF4B-00C04F79EFBC}") = "DIExample", "DIExample\DIExample.csproj", "{BD6884CD-B5DA-41E3-8A45-0304F1A9B64F}"
EndProject
Project("{FAE04EC0-301F-11D3-BF4B-00C04F79EFBC}") = "Services", "Services\Services.csproj", "{B93D1613-F62A-459D-8D2A-64733459A608}"
EndProject
Project("{FAE04EC0-301F-11D3-BF4B-00C04F79EFBC}") = "ServiceContracts", "ServiceContracts\ServiceContracts.csproj", "{3FAC78EC-FA53-4217-A131-DA63D5CD6950}"
EndProject
Global
	GlobalSection(SolutionConfigurationPlatforms) = preSolution
		Debug|Any CPU = Debug|Any CPU
		Release|Any CPU = Release|Any CPU
	EndGlobalSection
	GlobalSection(ProjectConfigurationPlatforms) = postSolution
		{BD6884CD-B5DA-41E3-8A45-0304F1A9B64F}.Debug|Any CPU.ActiveCfg = Debug|Any CPU
		{BD6884CD-B5DA-41E3-8A45-0304F1A9B64F}.Debug|Any CPU.Build.0 = Debug|Any CPU
		{BD6884CD-B5DA-41E3-8A45-0304F1A9B64F}.Release|Any CPU.ActiveCfg = Release|Any CPU
		{BD6884CD-B5DA-41E3-8A45-0304F1A9B64F}.Release|Any CPU.Build.0 = Release|Any CPU
		{B93D1613-F62A-459D-8D2A-64733459A608}.Debug|Any CPU.ActiveCfg = Debug|Any CPU
		{B93D1613-F62A-459D-8D2A-64733459A608}.Debug|Any CPU.Build.0 = Debug|Any CPU
		{B93D1613-F62A-459D-8D2A-64733459A608}.Release|Any CPU.ActiveCfg = Release|Any CPU
		{B93D1613-F62A-459D-8D2A-64733459A608}.Release|Any CPU.Build.0 = Release|Any CPU
		{3FAC78EC-FA53-4217-A131-DA63D5CD6950}.Debug|Any CPU.ActiveCfg = Debug|Any CPU
		{3FAC78EC-FA53-4217-A131-DA63D5CD6950}.Debug|Any CPU.Build.0 = Debug|Any CPU
		{3FAC78EC-FA53-4217-A131-DA63D5CD6950}.Release|Any CPU.ActiveCfg = Release|Any CPU
		{3FAC78EC-FA53-4217-A131-DA63D5CD6950}.Release|Any CPU.Build.0 = Release|Any CPU
	EndGlobalSection
	GlobalSection(SolutionProperties) = preSolution
		HideSolutionNode = FALSE
	EndGlobalSection
	GlobalSection(ExtensibilityGlobals) = postSolution
		SolutionGuid = {DD4A7DB5-4D50-406C-8320-E44344442843}
	EndGlobalSection
EndGlobal
