
Microsoft Visual Studio Solution File, Format Version 12.00
# Visual Studio Version 17
VisualStudioVersion = 17.10.35013.160
MinimumVisualStudioVersion = 10.0.40219.1
Project("{FAE04EC0-301F-11D3-BF4B-00C04F79EFBC}") = "IActionResultExample", "IActionResultExample\IActionResultExample.csproj", "{77C8CA5A-F932-4F1A-8BB2-B32162287F86}"
EndProject
Global
	GlobalSection(SolutionConfigurationPlatforms) = preSolution
		Debug|Any CPU = Debug|Any CPU
		Release|Any CPU = Release|Any CPU
	EndGlobalSection
	GlobalSection(ProjectConfigurationPlatforms) = postSolution
		{77C8CA5A-F932-4F1A-8BB2-B32162287F86}.Debug|Any CPU.ActiveCfg = Debug|Any CPU
		{77C8CA5A-F932-4F1A-8BB2-B32162287F86}.Debug|Any CPU.Build.0 = Debug|Any CPU
		{77C8CA5A-F932-4F1A-8BB2-B32162287F86}.Release|Any CPU.ActiveCfg = Release|Any CPU
		{77C8CA5A-F932-4F1A-8BB2-B32162287F86}.Release|Any CPU.Build.0 = Release|Any CPU
	EndGlobalSection
	GlobalSection(SolutionProperties) = preSolution
		HideSolutionNode = FALSE
	EndGlobalSection
	GlobalSection(ExtensibilityGlobals) = postSolution
		SolutionGuid = {9105662F-62C5-4CEC-88AA-80C2F0772D62}
	EndGlobalSection
EndGlobal
