
Microsoft Visual Studio Solution File, Format Version 12.00
# Visual Studio Version 17
VisualStudioVersion = 17.10.35013.160
MinimumVisualStudioVersion = 10.0.40219.1
Project("{FAE04EC0-301F-11D3-BF4B-00C04F79EFBC}") = "Assignment16", "Assignment16\Assignment16.csproj", "{B2E79F51-AB54-4EBF-8AA8-3310AFFED3E7}"
EndProject
Global
	GlobalSection(SolutionConfigurationPlatforms) = preSolution
		Debug|Any CPU = Debug|Any CPU
		Release|Any CPU = Release|Any CPU
	EndGlobalSection
	GlobalSection(ProjectConfigurationPlatforms) = postSolution
		{B2E79F51-AB54-4EBF-8AA8-3310AFFED3E7}.Debug|Any CPU.ActiveCfg = Debug|Any CPU
		{B2E79F51-AB54-4EBF-8AA8-3310AFFED3E7}.Debug|Any CPU.Build.0 = Debug|Any CPU
		{B2E79F51-AB54-4EBF-8AA8-3310AFFED3E7}.Release|Any CPU.ActiveCfg = Release|Any CPU
		{B2E79F51-AB54-4EBF-8AA8-3310AFFED3E7}.Release|Any CPU.Build.0 = Release|Any CPU
	EndGlobalSection
	GlobalSection(SolutionProperties) = preSolution
		HideSolutionNode = FALSE
	EndGlobalSection
	GlobalSection(ExtensibilityGlobals) = postSolution
		SolutionGuid = {EC020EAE-728D-4BA6-BC50-4264F5C77018}
	EndGlobalSection
EndGlobal
