
Microsoft Visual Studio Solution File, Format Version 12.00
# Visual Studio Version 17
VisualStudioVersion = 17.10.35013.160
MinimumVisualStudioVersion = 10.0.40219.1
Project("{FAE04EC0-301F-11D3-BF4B-00C04F79EFBC}") = "ControllersExample", "ControllersExample\ControllersExample.csproj", "{278227E9-C205-46D0-B4F9-4841EAA97C16}"
EndProject
Global
	GlobalSection(SolutionConfigurationPlatforms) = preSolution
		Debug|Any CPU = Debug|Any CPU
		Release|Any CPU = Release|Any CPU
	EndGlobalSection
	GlobalSection(ProjectConfigurationPlatforms) = postSolution
		{278227E9-C205-46D0-B4F9-4841EAA97C16}.Debug|Any CPU.ActiveCfg = Debug|Any CPU
		{278227E9-C205-46D0-B4F9-4841EAA97C16}.Debug|Any CPU.Build.0 = Debug|Any CPU
		{278227E9-C205-46D0-B4F9-4841EAA97C16}.Release|Any CPU.ActiveCfg = Release|Any CPU
		{278227E9-C205-46D0-B4F9-4841EAA97C16}.Release|Any CPU.Build.0 = Release|Any CPU
	EndGlobalSection
	GlobalSection(SolutionProperties) = preSolution
		HideSolutionNode = FALSE
	EndGlobalSection
	GlobalSection(ExtensibilityGlobals) = postSolution
		SolutionGuid = {AC324C72-8374-4B1D-AF9A-748373B8B3B7}
	EndGlobalSection
EndGlobal
